// !$*UTF8*$!
{
	archiveVersion = 1;
	classes = {
	};
	objectVersion = 48;
	objects = {

/* Begin PBXBuildFile section */
		CED356B220CFFF5E00F32372 /* AppDelegate.swift in Sources */ = {isa = PBXBuildFile; fileRef = CED356B120CFFF5E00F32372 /* AppDelegate.swift */; };
		CED356B420CFFF5E00F32372 /* ViewController.swift in Sources */ = {isa = PBXBuildFile; fileRef = CED356B320CFFF5E00F32372 /* ViewController.swift */; };
		CED356B720CFFF5E00F32372 /* Main.storyboard in Resources */ = {isa = PBXBuildFile; fileRef = CED356B520CFFF5E00F32372 /* Main.storyboard */; };
		CED356BA20CFFF5E00F32372 /* MumbaiPressApp.xcdatamodeld in Sources */ = {isa = PBXBuildFile; fileRef = CED356B820CFFF5E00F32372 /* MumbaiPressApp.xcdatamodeld */; };
		CED356BC20CFFF5E00F32372 /* Assets.xcassets in Resources */ = {isa = PBXBuildFile; fileRef = CED356BB20CFFF5E00F32372 /* Assets.xcassets */; };
		CED356BF20CFFF5E00F32372 /* LaunchScreen.storyboard in Resources */ = {isa = PBXBuildFile; fileRef = CED356BD20CFFF5E00F32372 /* LaunchScreen.storyboard */; };
/* End PBXBuildFile section */

/* Begin PBXFileReference section */
		CED356AE20CFFF5E00F32372 /* MumbaiPressApp.app */ = {isa = PBXFileReference; explicitFileType = wrapper.application; includeInIndex = 0; path = MumbaiPressApp.app; sourceTree = BUILT_PRODUCTS_DIR; };
		CED356B120CFFF5E00F32372 /* AppDelegate.swift */ = {isa = PBXFileReference; lastKnownFileType = sourcecode.swift; path = AppDelegate.swift; sourceTree = "<group>"; };
		CED356B320CFFF5E00F32372 /* ViewController.swift */ = {isa = PBXFileReference; lastKnownFileType = sourcecode.swift; path = ViewController.swift; sourceTree = "<group>"; };
		CED356B620CFFF5E00F32372 /* Base */ = {isa = PBXFileReference; lastKnownFileType = file.storyboard; name = Base; path = Base.lproj/Main.storyboard; sourceTree = "<group>"; };
		CED356B920CFFF5E00F32372 /* MumbaiPressApp.xcdatamodel */ = {isa = PBXFileReference; lastKnownFileType = wrapper.xcdatamodel; path = MumbaiPressApp.xcdatamodel; sourceTree = "<group>"; };
		CED356BB20CFFF5E00F32372 /* Assets.xcassets */ = {isa = PBXFileReference; lastKnownFileType = folder.assetcatalog; path = Assets.xcassets; sourceTree = "<group>"; };
		CED356BE20CFFF5E00F32372 /* Base */ = {isa = PBXFileReference; lastKnownFileType = file.storyboard; name = Base; path = Base.lproj/LaunchScreen.storyboard; sourceTree = "<group>"; };
		CED356C020CFFF5E00F32372 /* Info.plist */ = {isa = PBXFileReference; lastKnownFileType = text.plist.xml; path = Info.plist; sourceTree = "<group>"; };
/* End PBXFileReference section */

/* Begin PBXFrameworksBuildPhase section */
		CED356AB20CFFF5E00F32372 /* Frameworks */ = {
			isa = PBXFrameworksBuildPhase;
			buildActionMask = 2147483647;
			files = (
			);
			runOnlyForDeploymentPostprocessing = 0;
		};
/* End PBXFrameworksBuildPhase section */

/* Begin PBXGroup section */
		CED356A520CFFF5E00F32372 = {
			isa = PBXGroup;
			children = (
				CED356B020CFFF5E00F32372 /* MumbaiPressApp */,
				CED356AF20CFFF5E00F32372 /* Products */,
			);
			sourceTree = "<group>";
		};
		CED356AF20CFFF5E00F32372 /* Products */ = {
			isa = PBXGroup;
			children = (
				CED356AE20CFFF5E00F32372 /* MumbaiPressApp.app */,
			);
			name = Products;
			sourceTree = "<group>";
		};
		CED356B020CFFF5E00F32372 /* MumbaiPressApp */ = {
			isa = PBXGroup;
			children = (
				CED356B120CFFF5E00F32372 /* AppDelegate.swift */,
				CED356B320CFFF5E00F32372 /* ViewController.swift */,
				CED356B520CFFF5E00F32372 /* Main.storyboard */,
				CED356BB20CFFF5E00F32372 /* Assets.xcassets */,
				CED356BD20CFFF5E00F32372 /* LaunchScreen.storyboard */,
				CED356C020CFFF5E00F32372 /* Info.plist */,
				CED356B820CFFF5E00F32372 /* MumbaiPressApp.xcdatamodeld */,
			);
			path = MumbaiPressApp;
			sourceTree = "<group>";
		};
/* End PBXGroup section */

/* Begin PBXNativeTarget section */
		CED356AD20CFFF5E00F32372 /* MumbaiPressApp */ = {
			isa = PBXNativeTarget;
			buildConfigurationList = CED356C320CFFF5E00F32372 /* Build configuration list for PBXNativeTarget "MumbaiPressApp" */;
			buildPhases = (
				CED356AA20CFFF5E00F32372 /* Sources */,
				CED356AB20CFFF5E00F32372 /* Frameworks */,
				CED356AC20CFFF5E00F32372 /* Resources */,
			);
			buildRules = (
			);
			dependencies = (
			);
			name = MumbaiPressApp;
			productName = MumbaiPressApp;
			productReference = CED356AE20CFFF5E00F32372 /* MumbaiPressApp.app */;
			productType = "com.apple.product-type.application";
		};
/* End PBXNativeTarget section */

/* Begin PBXProject section */
		CED356A620CFFF5E00F32372 /* Project object */ = {
			isa = PBXProject;
			attributes = {
				LastSwiftUpdateCheck = 0920;
				LastUpgradeCheck = 0920;
				ORGANIZATIONNAME = user;
				TargetAttributes = {
					CED356AD20CFFF5E00F32372 = {
						CreatedOnToolsVersion = 9.2;
						ProvisioningStyle = Automatic;
					};
				};
			};
			buildConfigurationList = CED356A920CFFF5E00F32372 /* Build configuration list for PBXProject "MumbaiPressApp" */;
			compatibilityVersion = "Xcode 8.0";
			developmentRegion = en;
			hasScannedForEncodings = 0;
			knownRegions = (
				en,
				Base,
			);
			mainGroup = CED356A520CFFF5E00F32372;
			productRefGroup = CED356AF20CFFF5E00F32372 /* Products */;
			projectDirPath = "";
			projectRoot = "";
			targets = (
				CED356AD20CFFF5E00F32372 /* MumbaiPressApp */,
			);
		};
/* End PBXProject section */

/* Begin PBXResourcesBuildPhase section */
		CED356AC20CFFF5E00F32372 /* Resources */ = {
			isa = PBXResourcesBuildPhase;
			buildActionMask = 2147483647;
			files = (
				CED356BF20CFFF5E00F32372 /* LaunchScreen.storyboard in Resources */,
				CED356BC20CFFF5E00F32372 /* Assets.xcassets in Resources */,
				CED356B720CFFF5E00F32372 /* Main.storyboard in Resources */,
			);
			runOnlyForDeploymentPostprocessing = 0;
		};
/* End PBXResourcesBuildPhase section */

/* Begin PBXSourcesBuildPhase section */
		CED356AA20CFFF5E00F32372 /* Sources */ = {
			isa = PBXSourcesBuildPhase;
			buildActionMask = 2147483647;
			files = (
				CED356B420CFFF5E00F32372 /* ViewController.swift in Sources */,
				CED356B220CFFF5E00F32372 /* AppDelegate.swift in Sources */,
				CED356BA20CFFF5E00F32372 /* MumbaiPressApp.xcdatamodeld in Sources */,
			);
			runOnlyForDeploymentPostprocessing = 0;
		};
/* End PBXSourcesBuildPhase section */

/* Begin PBXVariantGroup section */
		CED356B520CFFF5E00F32372 /* Main.storyboard */ = {
			isa = PBXVariantGroup;
			children = (
				CED356B620CFFF5E00F32372 /* Base */,
			);
			name = Main.storyboard;
			sourceTree = "<group>";
		};
		CED356BD20CFFF5E00F32372 /* LaunchScreen.storyboard */ = {
			isa = PBXVariantGroup;
			children = (
				CED356BE20CFFF5E00F32372 /* Base */,
			);
			name = LaunchScreen.storyboard;
			sourceTree = "<group>";
		};
/* End PBXVariantGroup section */

/* Begin XCBuildConfiguration section */
		CED356C120CFFF5E00F32372 /* Debug */ = {
			isa = XCBuildConfiguration;
			buildSettings = {
				ALWAYS_SEARCH_USER_PATHS = NO;
				CLANG_ANALYZER_NONNULL = YES;
				CLANG_ANALYZER_NUMBER_OBJECT_CONVERSION = YES_AGGRESSIVE;
				CLANG_CXX_LANGUAGE_STANDARD = "gnu++14";
				CLANG_CXX_LIBRARY = "libc++";
				CLANG_ENABLE_MODULES = YES;
				CLANG_ENABLE_OBJC_ARC = YES;
				CLANG_WARN_BLOCK_CAPTURE_AUTORELEASING = YES;
				CLANG_WARN_BOOL_CONVERSION = YES;
				CLANG_WARN_COMMA = YES;
				CLANG_WARN_CONSTANT_CONVERSION = YES;
				CLANG_WARN_DIRECT_OBJC_ISA_USAGE = YES_ERROR;
				CLANG_WARN_DOCUMENTATION_COMMENTS = YES;
				CLANG_WARN_EMPTY_BODY = YES;
				CLANG_WARN_ENUM_CONVERSION = YES;
				CLANG_WARN_INFINITE_RECURSION = YES;
				CLANG_WARN_INT_CONVERSION = YES;
				CLANG_WARN_NON_LITERAL_NULL_CONVERSION = YES;
				CLANG_WARN_OBJC_LITERAL_CONVERSION = YES;
				CLANG_WARN_OBJC_ROOT_CLASS = YES_ERROR;
				CLANG_WARN_RANGE_LOOP_ANALYSIS = YES;
				CLANG_WARN_STRICT_PROTOTYPES = YES;
				CLANG_WARN_SUSPICIOUS_MOVE = YES;
				CLANG_WARN_UNGUARDED_AVAILABILITY = YES_AGGRESSIVE;
				CLANG_WARN_UNREACHABLE_CODE = YES;
				CLANG_WARN__DUPLICATE_METHOD_MATCH = YES;
				CODE_SIGN_IDENTITY = "iPhone Developer";
				COPY_PHASE_STRIP = NO;
				DEBUG_INFORMATION_FORMAT = dwarf;
				ENABLE_STRICT_OBJC_MSGSEND = YES;
				ENABLE_TESTABILITY = YES;
				GCC_C_LANGUAGE_STANDARD = gnu11;
				GCC_DYNAMIC_NO_PIC = NO;
				GCC_NO_COMMON_BLOCKS = YES;
				GCC_OPTIMIZATION_LEVEL = 0;
				GCC_PREPROCESSOR_DEFINITIONS = (
					"DEBUG=1",
					"$(inherited)",
				);
				GCC_WARN_64_TO_32_BIT_CONVERSION = YES;
				GCC_WARN_ABOUT_RETURN_TYPE = YES_ERROR;
				GCC_WARN_UNDECLARED_SELECTOR = YES;
				GCC_WARN_UNINITIALIZED_AUTOS = YES_AGGRESSIVE;
				GCC_WARN_UNUSED_FUNCTION = YES;
				GCC_WARN_UNUSED_VARIABLE = YES;
				IPHONEOS_DEPLOYMENT_TARGET = 11.2;
				MTL_ENABLE_DEBUG_INFO = YES;
				ONLY_ACTIVE_ARCH = YES;
				SDKROOT = iphoneos;
				SWIFT_ACTIVE_COMPILATION_CONDITIONS = DEBUG;
				SWIFT_OPTIMIZATION_LEVEL = "-Onone";
			};
			name = Debug;
		};
		CED356C220CFFF5E00F32372 /* Release */ = {
			isa = XCBuildConfiguration;
			buildSettings = {
				ALWAYS_SEARCH_USER_PATHS = NO;
				CLANG_ANALYZER_NONNULL = YES;
				CLANG_ANALYZER_NUMBER_OBJECT_CONVERSION = YES_AGGRESSIVE;
				CLANG_CXX_LANGUAGE_STANDARD = "gnu++14";
				CLANG_CXX_LIBRARY = "libc++";
				CLANG_ENABLE_MODULES = YES;
				CLANG_ENABLE_OBJC_ARC = YES;
				CLANG_WARN_BLOCK_CAPTURE_AUTORELEASING = YES;
				CLANG_WARN_BOOL_CONVERSION = YES;
				CLANG_WARN_COMMA = YES;
				CLANG_WARN_CONSTANT_CONVERSION = YES;
				CLANG_WARN_DIRECT_OBJC_ISA_USAGE = YES_ERROR;
				CLANG_WARN_DOCUMENTATION_COMMENTS = YES;
				CLANG_WARN_EMPTY_BODY = YES;
				CLANG_WARN_ENUM_CONVERSION = YES;
				CLANG_WARN_INFINITE_RECURSION = YES;
				CLANG_WARN_INT_CONVERSION = YES;
				CLANG_WARN_NON_LITERAL_NULL_CONVERSION = YES;
				CLANG_WARN_OBJC_LITERAL_CONVERSION = YES;
				CLANG_WARN_OBJC_ROOT_CLASS = YES_ERROR;
				CLANG_WARN_RANGE_LOOP_ANALYSIS = YES;
				CLANG_WARN_STRICT_PROTOTYPES = YES;
				CLANG_WARN_SUSPICIOUS_MOVE = YES;
				CLANG_WARN_UNGUARDED_AVAILABILITY = YES_AGGRESSIVE;
				CLANG_WARN_UNREACHABLE_CODE = YES;
				CLANG_WARN__DUPLICATE_METHOD_MATCH = YES;
				CODE_SIGN_IDENTITY = "iPhone Developer";
				COPY_PHASE_STRIP = NO;
				DEBUG_INFORMATION_FORMAT = "dwarf-with-dsym";
				ENABLE_NS_ASSERTIONS = NO;
				ENABLE_STRICT_OBJC_MSGSEND = YES;
				GCC_C_LANGUAGE_STANDARD = gnu11;
				GCC_NO_COMMON_BLOCKS = YES;
				GCC_WARN_64_TO_32_BIT_CONVERSION = YES;
				GCC_WARN_ABOUT_RETURN_TYPE = YES_ERROR;
				GCC_WARN_UNDECLARED_SELECTOR = YES;
				GCC_WARN_UNINITIALIZED_AUTOS = YES_AGGRESSIVE;
				GCC_WARN_UNUSED_FUNCTION = YES;
				GCC_WARN_UNUSED_VARIABLE = YES;
				IPHONEOS_DEPLOYMENT_TARGET = 11.2;
				MTL_ENABLE_DEBUG_INFO = NO;
				SDKROOT = iphoneos;
				SWIFT_OPTIMIZATION_LEVEL = "-Owholemodule";
				VALIDATE_PRODUCT = YES;
			};
			name = Release;
		};
		CED356C420CFFF5E00F32372 /* Debug */ = {
			isa = XCBuildConfiguration;
			buildSettings = {
				ASSETCATALOG_COMPILER_APPICON_NAME = AppIcon;
				CODE_SIGN_STYLE = Automatic;
				INFOPLIST_FILE = MumbaiPressApp/Info.plist;
				LD_RUNPATH_SEARCH_PATHS = "$(inherited) @executable_path/Frameworks";
				PRODUCT_BUNDLE_IDENTIFIER = com.ksoftpl.mumbaipress.MumbaiPressApp;
				PRODUCT_NAME = "$(TARGET_NAME)";
				SWIFT_VERSION = 4.0;
				TARGETED_DEVICE_FAMILY = "1,2";
			};
			name = Debug;
		};
		CED356C520CFFF5E00F32372 /* Release */ = {
			isa = XCBuildConfiguration;
			buildSettings = {
				ASSETCATALOG_COMPILER_APPICON_NAME = AppIcon;
				CODE_SIGN_STYLE = Automatic;
				INFOPLIST_FILE = MumbaiPressApp/Info.plist;
				LD_RUNPATH_SEARCH_PATHS = "$(inherited) @executable_path/Frameworks";
				PRODUCT_BUNDLE_IDENTIFIER = com.ksoftpl.mumbaipress.MumbaiPressApp;
				PRODUCT_NAME = "$(TARGET_NAME)";
				SWIFT_VERSION = 4.0;
				TARGETED_DEVICE_FAMILY = "1,2";
			};
			name = Release;
		};
/* End XCBuildConfiguration section */

/* Begin XCConfigurationList section */
		CED356A920CFFF5E00F32372 /* Build configuration list for PBXProject "MumbaiPressApp" */ = {
			isa = XCConfigurationList;
			buildConfigurations = (
				CED356C120CFFF5E00F32372 /* Debug */,
				CED356C220CFFF5E00F32372 /* Release */,
			);
			defaultConfigurationIsVisible = 0;
			defaultConfigurationName = Release;
		};
		CED356C320CFFF5E00F32372 /* Build configuration list for PBXNativeTarget "MumbaiPressApp" */ = {
			isa = XCConfigurationList;
			buildConfigurations = (
				CED356C420CFFF5E00F32372 /* Debug */,
				CED356C520CFFF5E00F32372 /* Release */,
			);
			defaultConfigurationIsVisible = 0;
			defaultConfigurationName = Release;
		};
/* End XCConfigurationList section */

/* Begin XCVersionGroup section */
		CED356B820CFFF5E00F32372 /* MumbaiPressApp.xcdatamodeld */ = {
			isa = XCVersionGroup;
			children = (
				CED356B920CFFF5E00F32372 /* MumbaiPressApp.xcdatamodel */,
			);
			currentVersion = CED356B920CFFF5E00F32372 /* MumbaiPressApp.xcdatamodel */;
			path = MumbaiPressApp.xcdatamodeld;
			sourceTree = "<group>";
			versionGroupType = wrapper.xcdatamodel;
		};
/* End XCVersionGroup section */
	};
	rootObject = CED356A620CFFF5E00F32372 /* Project object */;
}
